
Microsoft Visual Studio Solution File, Format Version 12.00
# Visual Studio Version 17
VisualStudioVersion = 17.14.36401.2 d17.14
MinimumVisualStudioVersion = 10.0.40219.1
Project("{FAE04EC0-301F-11D3-BF4B-00C04F79EFBC}") = "RetroGameExchangeApi", "RetroGameExchangeApi\RetroGameExchangeApi.csproj", "{6A0DFDF8-51A4-4249-AABF-599B07D3032B}"
EndProject
Global
	GlobalSection(SolutionConfigurationPlatforms) = preSolution
		Debug|Any CPU = Debug|Any CPU
		Release|Any CPU = Release|Any CPU
	EndGlobalSection
	GlobalSection(ProjectConfigurationPlatforms) = postSolution
		{6A0DFDF8-51A4-4249-AABF-599B07D3032B}.Debug|Any CPU.ActiveCfg = Debug|Any CPU
		{6A0DFDF8-51A4-4249-AABF-599B07D3032B}.Debug|Any CPU.Build.0 = Debug|Any CPU
		{6A0DFDF8-51A4-4249-AABF-599B07D3032B}.Release|Any CPU.ActiveCfg = Release|Any CPU
		{6A0DFDF8-51A4-4249-AABF-599B07D3032B}.Release|Any CPU.Build.0 = Release|Any CPU
	EndGlobalSection
	GlobalSection(SolutionProperties) = preSolution
		HideSolutionNode = FALSE
	EndGlobalSection
	GlobalSection(ExtensibilityGlobals) = postSolution
		SolutionGuid = {BD1B0310-F029-4BD0-9CF6-0E77D891223E}
	EndGlobalSection
EndGlobal
